// !$*UTF8*$!
{
	archiveVersion = 1;
	classes = {
	};
	objectVersion = 50;
	objects = {

/* Begin PBXBuildFile section */
		183F9B3A263F4B3A00CAB33D /* FullListCharachter.swift in Sources */ = {isa = PBXBuildFile; fileRef = 183F9B39263F4B3A00CAB33D /* FullListCharachter.swift */; };
		183F9B3D263F4DC300CAB33D /* Alert extension.swift in Sources */ = {isa = PBXBuildFile; fileRef = 183F9B3C263F4DC300CAB33D /* Alert extension.swift */; };
		18B9AEAA263BEB67008719CC /* AppDelegate.swift in Sources */ = {isa = PBXBuildFile; fileRef = 18B9AEA9263BEB67008719CC /* AppDelegate.swift */; };
		18B9AEAC263BEB67008719CC /* SceneDelegate.swift in Sources */ = {isa = PBXBuildFile; fileRef = 18B9AEAB263BEB67008719CC /* SceneDelegate.swift */; };
		18B9AEB1263BEB67008719CC /* Main.storyboard in Resources */ = {isa = PBXBuildFile; fileRef = 18B9AEAF263BEB67008719CC /* Main.storyboard */; };
		18B9AEB3263BEB67008719CC /* Assets.xcassets in Resources */ = {isa = PBXBuildFile; fileRef = 18B9AEB2263BEB67008719CC /* Assets.xcassets */; };
		18B9AEB6263BEB67008719CC /* LaunchScreen.storyboard in Resources */ = {isa = PBXBuildFile; fileRef = 18B9AEB4263BEB67008719CC /* LaunchScreen.storyboard */; };
		18B9AEC5263BF6A9008719CC /* MenuViewCell.swift in Sources */ = {isa = PBXBuildFile; fileRef = 18B9AEC4263BF6A9008719CC /* MenuViewCell.swift */; };
		18B9AEC7263BFCF3008719CC /* MenuCollectionViewController.swift in Sources */ = {isa = PBXBuildFile; fileRef = 18B9AEC6263BFCF3008719CC /* MenuCollectionViewController.swift */; };
		18B9AEC9263BFE58008719CC /* NetworkManager.swift in Sources */ = {isa = PBXBuildFile; fileRef = 18B9AEC8263BFE58008719CC /* NetworkManager.swift */; };
		18B9AECB263C1459008719CC /* BookViewController.swift in Sources */ = {isa = PBXBuildFile; fileRef = 18B9AECA263C1459008719CC /* BookViewController.swift */; };
		18B9AECD263C2803008719CC /* Charachter.swift in Sources */ = {isa = PBXBuildFile; fileRef = 18B9AECC263C2803008719CC /* Charachter.swift */; };
		18B9AECF263C2BD0008719CC /* CharachterViewController.swift in Sources */ = {isa = PBXBuildFile; fileRef = 18B9AECE263C2BD0008719CC /* CharachterViewController.swift */; };
		18B9AED2263DE1C0008719CC /* Enums.swift in Sources */ = {isa = PBXBuildFile; fileRef = 18B9AED1263DE1C0008719CC /* Enums.swift */; };
		18B9AED6263DF108008719CC /* AllCharachtersCell.swift in Sources */ = {isa = PBXBuildFile; fileRef = 18B9AED5263DF108008719CC /* AllCharachtersCell.swift */; };
		18B9AED9263DF25B008719CC /* AllCharachtersTableViewController.swift in Sources */ = {isa = PBXBuildFile; fileRef = 18B9AED8263DF25B008719CC /* AllCharachtersTableViewController.swift */; };
		4B9202445DBF09FDDF7BE66B /* Pods_TestNetworking.framework in Frameworks */ = {isa = PBXBuildFile; fileRef = 19A45F689B2B9371979F4D63 /* Pods_TestNetworking.framework */; };
/* End PBXBuildFile section */

/* Begin PBXFileReference section */
		02CDA6B6428EEA6C349EFB84 /* Pods-TestNetworking.release.xcconfig */ = {isa = PBXFileReference; includeInIndex = 1; lastKnownFileType = text.xcconfig; name = "Pods-TestNetworking.release.xcconfig"; path = "Target Support Files/Pods-TestNetworking/Pods-TestNetworking.release.xcconfig"; sourceTree = "<group>"; };
		183F9B39263F4B3A00CAB33D /* FullListCharachter.swift */ = {isa = PBXFileReference; lastKnownFileType = sourcecode.swift; path = FullListCharachter.swift; sourceTree = "<group>"; };
		183F9B3C263F4DC300CAB33D /* Alert extension.swift */ = {isa = PBXFileReference; lastKnownFileType = sourcecode.swift; path = "Alert extension.swift"; sourceTree = "<group>"; };
		18B9AEA6263BEB67008719CC /* TestNetworking.app */ = {isa = PBXFileReference; explicitFileType = wrapper.application; includeInIndex = 0; path = TestNetworking.app; sourceTree = BUILT_PRODUCTS_DIR; };
		18B9AEA9263BEB67008719CC /* AppDelegate.swift */ = {isa = PBXFileReference; lastKnownFileType = sourcecode.swift; path = AppDelegate.swift; sourceTree = "<group>"; };
		18B9AEAB263BEB67008719CC /* SceneDelegate.swift */ = {isa = PBXFileReference; lastKnownFileType = sourcecode.swift; path = SceneDelegate.swift; sourceTree = "<group>"; };
		18B9AEB0263BEB67008719CC /* Base */ = {isa = PBXFileReference; lastKnownFileType = file.storyboard; name = Base; path = Base.lproj/Main.storyboard; sourceTree = "<group>"; };
		18B9AEB2263BEB67008719CC /* Assets.xcassets */ = {isa = PBXFileReference; lastKnownFileType = folder.assetcatalog; path = Assets.xcassets; sourceTree = "<group>"; };
		18B9AEB5263BEB67008719CC /* Base */ = {isa = PBXFileReference; lastKnownFileType = file.storyboard; name = Base; path = Base.lproj/LaunchScreen.storyboard; sourceTree = "<group>"; };
		18B9AEB7263BEB67008719CC /* Info.plist */ = {isa = PBXFileReference; lastKnownFileType = text.plist.xml; path = Info.plist; sourceTree = "<group>"; };
		18B9AEC4263BF6A9008719CC /* MenuViewCell.swift */ = {isa = PBXFileReference; lastKnownFileType = sourcecode.swift; path = MenuViewCell.swift; sourceTree = "<group>"; };
		18B9AEC6263BFCF3008719CC /* MenuCollectionViewController.swift */ = {isa = PBXFileReference; lastKnownFileType = sourcecode.swift; path = MenuCollectionViewController.swift; sourceTree = "<group>"; };
		18B9AEC8263BFE58008719CC /* NetworkManager.swift */ = {isa = PBXFileReference; lastKnownFileType = sourcecode.swift; path = NetworkManager.swift; sourceTree = "<group>"; };
		18B9AECA263C1459008719CC /* BookViewController.swift */ = {isa = PBXFileReference; lastKnownFileType = sourcecode.swift; name = BookViewController.swift; path = TestNetworking/Storyboards/BookViewController.swift; sourceTree = SOURCE_ROOT; };
		18B9AECC263C2803008719CC /* Charachter.swift */ = {isa = PBXFileReference; lastKnownFileType = sourcecode.swift; path = Charachter.swift; sourceTree = "<group>"; };
		18B9AECE263C2BD0008719CC /* CharachterViewController.swift */ = {isa = PBXFileReference; lastKnownFileType = sourcecode.swift; name = CharachterViewController.swift; path = TestNetworking/Viewcontrollers/CharachterViewController.swift; sourceTree = SOURCE_ROOT; };
		18B9AED1263DE1C0008719CC /* Enums.swift */ = {isa = PBXFileReference; lastKnownFileType = sourcecode.swift; path = Enums.swift; sourceTree = "<group>"; };
		18B9AED5263DF108008719CC /* AllCharachtersCell.swift */ = {isa = PBXFileReference; lastKnownFileType = sourcecode.swift; path = AllCharachtersCell.swift; sourceTree = "<group>"; };
		18B9AED8263DF25B008719CC /* AllCharachtersTableViewController.swift */ = {isa = PBXFileReference; lastKnownFileType = sourcecode.swift; path = AllCharachtersTableViewController.swift; sourceTree = "<group>"; };
		19A45F689B2B9371979F4D63 /* Pods_TestNetworking.framework */ = {isa = PBXFileReference; explicitFileType = wrapper.framework; includeInIndex = 0; path = Pods_TestNetworking.framework; sourceTree = BUILT_PRODUCTS_DIR; };
		1AAC10A04B767A46A4B357B5 /* Pods-TestNetworking.debug.xcconfig */ = {isa = PBXFileReference; includeInIndex = 1; lastKnownFileType = text.xcconfig; name = "Pods-TestNetworking.debug.xcconfig"; path = "Target Support Files/Pods-TestNetworking/Pods-TestNetworking.debug.xcconfig"; sourceTree = "<group>"; };
/* End PBXFileReference section */

/* Begin PBXFrameworksBuildPhase section */
		18B9AEA3263BEB67008719CC /* Frameworks */ = {
			isa = PBXFrameworksBuildPhase;
			buildActionMask = 2147483647;
			files = (
				4B9202445DBF09FDDF7BE66B /* Pods_TestNetworking.framework in Frameworks */,
			);
			runOnlyForDeploymentPostprocessing = 0;
		};
/* End PBXFrameworksBuildPhase section */

/* Begin PBXGroup section */
		183F9B3B263F4D8E00CAB33D /* MainViewContrller */ = {
			isa = PBXGroup;
			children = (
				18B9AEC6263BFCF3008719CC /* MenuCollectionViewController.swift */,
				183F9B3C263F4DC300CAB33D /* Alert extension.swift */,
				18B9AED1263DE1C0008719CC /* Enums.swift */,
			);
			path = MainViewContrller;
			sourceTree = "<group>";
		};
		18B9AE9D263BEB67008719CC = {
			isa = PBXGroup;
			children = (
				18B9AEA8263BEB67008719CC /* TestNetworking */,
				5BDA8A59AF386C200522A29E /* Pods */,
				DBA1690800939043AD1BE0F0 /* Frameworks */,
			);
			sourceTree = "<group>";
		};
		18B9AEA7263BEB67008719CC /* Products */ = {
			isa = PBXGroup;
			children = (
				18B9AEA6263BEB67008719CC /* TestNetworking.app */,
			);
			name = Products;
			path = ..;
			sourceTree = "<group>";
		};
		18B9AEA8263BEB67008719CC /* TestNetworking */ = {
			isa = PBXGroup;
			children = (
				18B9AED7263DF155008719CC /* Custom cells */,
				18B9AEC3263BECF1008719CC /*  Data managers */,
				18B9AEC2263BECE4008719CC /* Models */,
				18B9AEBE263BEBF2008719CC /* Storyboards */,
				18B9AEBD263BEBDE008719CC /* Viewcontrollers */,
				18B9AEC1263BEC1F008719CC /* Support */,
				18B9AEC0263BEC0D008719CC /* Resources */,
				18B9AEA7263BEB67008719CC /* Products */,
			);
			path = TestNetworking;
			sourceTree = "<group>";
		};
		18B9AEBD263BEBDE008719CC /* Viewcontrollers */ = {
			isa = PBXGroup;
			children = (
				183F9B3B263F4D8E00CAB33D /* MainViewContrller */,
				18B9AECA263C1459008719CC /* BookViewController.swift */,
				18B9AECE263C2BD0008719CC /* CharachterViewController.swift */,
				18B9AED8263DF25B008719CC /* AllCharachtersTableViewController.swift */,
			);
			path = Viewcontrollers;
			sourceTree = "<group>";
		};
		18B9AEBE263BEBF2008719CC /* Storyboards */ = {
			isa = PBXGroup;
			children = (
				18B9AEAF263BEB67008719CC /* Main.storyboard */,
				18B9AEB4263BEB67008719CC /* LaunchScreen.storyboard */,
			);
			path = Storyboards;
			sourceTree = "<group>";
		};
		18B9AEC0263BEC0D008719CC /* Resources */ = {
			isa = PBXGroup;
			children = (
				18B9AEB2263BEB67008719CC /* Assets.xcassets */,
			);
			path = Resources;
			sourceTree = "<group>";
		};
		18B9AEC1263BEC1F008719CC /* Support */ = {
			isa = PBXGroup;
			children = (
				18B9AEA9263BEB67008719CC /* AppDelegate.swift */,
				18B9AEAB263BEB67008719CC /* SceneDelegate.swift */,
				18B9AEB7263BEB67008719CC /* Info.plist */,
			);
			path = Support;
			sourceTree = "<group>";
		};
		18B9AEC2263BECE4008719CC /* Models */ = {
			isa = PBXGroup;
			children = (
				18B9AECC263C2803008719CC /* Charachter.swift */,
				183F9B39263F4B3A00CAB33D /* FullListCharachter.swift */,
			);
			path = Models;
			sourceTree = "<group>";
		};
		18B9AEC3263BECF1008719CC /*  Data managers */ = {
			isa = PBXGroup;
			children = (
				18B9AEC8263BFE58008719CC /* NetworkManager.swift */,
			);
			path = " Data managers";
			sourceTree = "<group>";
		};
		18B9AED7263DF155008719CC /* Custom cells */ = {
			isa = PBXGroup;
			children = (
				18B9AEC4263BF6A9008719CC /* MenuViewCell.swift */,
				18B9AED5263DF108008719CC /* AllCharachtersCell.swift */,
			);
			path = "Custom cells";
			sourceTree = "<group>";
		};
		5BDA8A59AF386C200522A29E /* Pods */ = {
			isa = PBXGroup;
			children = (
				1AAC10A04B767A46A4B357B5 /* Pods-TestNetworking.debug.xcconfig */,
				02CDA6B6428EEA6C349EFB84 /* Pods-TestNetworking.release.xcconfig */,
			);
			name = Pods;
			path = Pods;
			sourceTree = "<group>";
		};
		DBA1690800939043AD1BE0F0 /* Frameworks */ = {
			isa = PBXGroup;
			children = (
				19A45F689B2B9371979F4D63 /* Pods_TestNetworking.framework */,
			);
			name = Frameworks;
			sourceTree = "<group>";
		};
/* End PBXGroup section */

/* Begin PBXNativeTarget section */
		18B9AEA5263BEB67008719CC /* TestNetworking */ = {
			isa = PBXNativeTarget;
			buildConfigurationList = 18B9AEBA263BEB67008719CC /* Build configuration list for PBXNativeTarget "TestNetworking" */;
			buildPhases = (
				962F844BED3AB0B23FAAEE17 /* [CP] Check Pods Manifest.lock */,
				18B9AEA2263BEB67008719CC /* Sources */,
				18B9AEA3263BEB67008719CC /* Frameworks */,
				18B9AEA4263BEB67008719CC /* Resources */,
				B63DD21DFB20061A8EE6B0C0 /* [CP] Embed Pods Frameworks */,
			);
			buildRules = (
			);
			dependencies = (
			);
			name = TestNetworking;
			productName = TestNetworking;
			productReference = 18B9AEA6263BEB67008719CC /* TestNetworking.app */;
			productType = "com.apple.product-type.application";
		};
/* End PBXNativeTarget section */

/* Begin PBXProject section */
		18B9AE9E263BEB67008719CC /* Project object */ = {
			isa = PBXProject;
			attributes = {
				LastSwiftUpdateCheck = 1250;
				LastUpgradeCheck = 1250;
				TargetAttributes = {
					18B9AEA5263BEB67008719CC = {
						CreatedOnToolsVersion = 12.5;
					};
				};
			};
			buildConfigurationList = 18B9AEA1263BEB67008719CC /* Build configuration list for PBXProject "TestNetworking" */;
			compatibilityVersion = "Xcode 9.3";
			developmentRegion = en;
			hasScannedForEncodings = 0;
			knownRegions = (
				en,
				Base,
			);
			mainGroup = 18B9AE9D263BEB67008719CC;
			productRefGroup = 18B9AEA7263BEB67008719CC /* Products */;
			projectDirPath = "";
			projectRoot = "";
			targets = (
				18B9AEA5263BEB67008719CC /* TestNetworking */,
			);
		};
/* End PBXProject section */

/* Begin PBXResourcesBuildPhase section */
		18B9AEA4263BEB67008719CC /* Resources */ = {
			isa = PBXResourcesBuildPhase;
			buildActionMask = 2147483647;
			files = (
				18B9AEB6263BEB67008719CC /* LaunchScreen.storyboard in Resources */,
				18B9AEB3263BEB67008719CC /* Assets.xcassets in Resources */,
				18B9AEB1263BEB67008719CC /* Main.storyboard in Resources */,
			);
			runOnlyForDeploymentPostprocessing = 0;
		};
/* End PBXResourcesBuildPhase section */

/* Begin PBXShellScriptBuildPhase section */
		962F844BED3AB0B23FAAEE17 /* [CP] Check Pods Manifest.lock */ = {
			isa = PBXShellScriptBuildPhase;
			buildActionMask = 2147483647;
			files = (
			);
			inputFileListPaths = (
			);
			inputPaths = (
				"${PODS_PODFILE_DIR_PATH}/Podfile.lock",
				"${PODS_ROOT}/Manifest.lock",
			);
			name = "[CP] Check Pods Manifest.lock";
			outputFileListPaths = (
			);
			outputPaths = (
				"$(DERIVED_FILE_DIR)/Pods-TestNetworking-checkManifestLockResult.txt",
			);
			runOnlyForDeploymentPostprocessing = 0;
			shellPath = /bin/sh;
			shellScript = "diff \"${PODS_PODFILE_DIR_PATH}/Podfile.lock\" \"${PODS_ROOT}/Manifest.lock\" > /dev/null\nif [ $? != 0 ] ; then\n    # print error to STDERR\n    echo \"error: The sandbox is not in sync with the Podfile.lock. Run 'pod install' or update your CocoaPods installation.\" >&2\n    exit 1\nfi\n# This output is used by Xcode 'outputs' to avoid re-running this script phase.\necho \"SUCCESS\" > \"${SCRIPT_OUTPUT_FILE_0}\"\n";
			showEnvVarsInLog = 0;
		};
		B63DD21DFB20061A8EE6B0C0 /* [CP] Embed Pods Frameworks */ = {
			isa = PBXShellScriptBuildPhase;
			buildActionMask = 2147483647;
			files = (
			);
			inputFileListPaths = (
				"${PODS_ROOT}/Target Support Files/Pods-TestNetworking/Pods-TestNetworking-frameworks-${CONFIGURATION}-input-files.xcfilelist",
			);
			name = "[CP] Embed Pods Frameworks";
			outputFileListPaths = (
				"${PODS_ROOT}/Target Support Files/Pods-TestNetworking/Pods-TestNetworking-frameworks-${CONFIGURATION}-output-files.xcfilelist",
			);
			runOnlyForDeploymentPostprocessing = 0;
			shellPath = /bin/sh;
			shellScript = "\"${PODS_ROOT}/Target Support Files/Pods-TestNetworking/Pods-TestNetworking-frameworks.sh\"\n";
			showEnvVarsInLog = 0;
		};
/* End PBXShellScriptBuildPhase section */

/* Begin PBXSourcesBuildPhase section */
		18B9AEA2263BEB67008719CC /* Sources */ = {
			isa = PBXSourcesBuildPhase;
			buildActionMask = 2147483647;
			files = (
				18B9AED6263DF108008719CC /* AllCharachtersCell.swift in Sources */,
				18B9AEC9263BFE58008719CC /* NetworkManager.swift in Sources */,
				18B9AEC5263BF6A9008719CC /* MenuViewCell.swift in Sources */,
				183F9B3A263F4B3A00CAB33D /* FullListCharachter.swift in Sources */,
				18B9AEAA263BEB67008719CC /* AppDelegate.swift in Sources */,
				18B9AECB263C1459008719CC /* BookViewController.swift in Sources */,
				18B9AED9263DF25B008719CC /* AllCharachtersTableViewController.swift in Sources */,
				18B9AEAC263BEB67008719CC /* SceneDelegate.swift in Sources */,
				183F9B3D263F4DC300CAB33D /* Alert extension.swift in Sources */,
				18B9AECF263C2BD0008719CC /* CharachterViewController.swift in Sources */,
				18B9AECD263C2803008719CC /* Charachter.swift in Sources */,
				18B9AED2263DE1C0008719CC /* Enums.swift in Sources */,
				18B9AEC7263BFCF3008719CC /* MenuCollectionViewController.swift in Sources */,
			);
			runOnlyForDeploymentPostprocessing = 0;
		};
/* End PBXSourcesBuildPhase section */

/* Begin PBXVariantGroup section */
		18B9AEAF263BEB67008719CC /* Main.storyboard */ = {
			isa = PBXVariantGroup;
			children = (
				18B9AEB0263BEB67008719CC /* Base */,
			);
			name = Main.storyboard;
			sourceTree = "<group>";
		};
		18B9AEB4263BEB67008719CC /* LaunchScreen.storyboard */ = {
			isa = PBXVariantGroup;
			children = (
				18B9AEB5263BEB67008719CC /* Base */,
			);
			name = LaunchScreen.storyboard;
			sourceTree = "<group>";
		};
/* End PBXVariantGroup section */

/* Begin XCBuildConfiguration section */
		18B9AEB8263BEB67008719CC /* Debug */ = {
			isa = XCBuildConfiguration;
			buildSettings = {
				ALWAYS_SEARCH_USER_PATHS = NO;
				CLANG_ANALYZER_NONNULL = YES;
				CLANG_ANALYZER_NUMBER_OBJECT_CONVERSION = YES_AGGRESSIVE;
				CLANG_CXX_LANGUAGE_STANDARD = "gnu++14";
				CLANG_CXX_LIBRARY = "libc++";
				CLANG_ENABLE_MODULES = YES;
				CLANG_ENABLE_OBJC_ARC = YES;
				CLANG_ENABLE_OBJC_WEAK = YES;
				CLANG_WARN_BLOCK_CAPTURE_AUTORELEASING = YES;
				CLANG_WARN_BOOL_CONVERSION = YES;
				CLANG_WARN_COMMA = YES;
				CLANG_WARN_CONSTANT_CONVERSION = YES;
				CLANG_WARN_DEPRECATED_OBJC_IMPLEMENTATIONS = YES;
				CLANG_WARN_DIRECT_OBJC_ISA_USAGE = YES_ERROR;
				CLANG_WARN_DOCUMENTATION_COMMENTS = YES;
				CLANG_WARN_EMPTY_BODY = YES;
				CLANG_WARN_ENUM_CONVERSION = YES;
				CLANG_WARN_INFINITE_RECURSION = YES;
				CLANG_WARN_INT_CONVERSION = YES;
				CLANG_WARN_NON_LITERAL_NULL_CONVERSION = YES;
				CLANG_WARN_OBJC_IMPLICIT_RETAIN_SELF = YES;
				CLANG_WARN_OBJC_LITERAL_CONVERSION = YES;
				CLANG_WARN_OBJC_ROOT_CLASS = YES_ERROR;
				CLANG_WARN_QUOTED_INCLUDE_IN_FRAMEWORK_HEADER = YES;
				CLANG_WARN_RANGE_LOOP_ANALYSIS = YES;
				CLANG_WARN_STRICT_PROTOTYPES = YES;
				CLANG_WARN_SUSPICIOUS_MOVE = YES;
				CLANG_WARN_UNGUARDED_AVAILABILITY = YES_AGGRESSIVE;
				CLANG_WARN_UNREACHABLE_CODE = YES;
				CLANG_WARN__DUPLICATE_METHOD_MATCH = YES;
				COPY_PHASE_STRIP = NO;
				DEBUG_INFORMATION_FORMAT = dwarf;
				ENABLE_STRICT_OBJC_MSGSEND = YES;
				ENABLE_TESTABILITY = YES;
				GCC_C_LANGUAGE_STANDARD = gnu11;
				GCC_DYNAMIC_NO_PIC = NO;
				GCC_NO_COMMON_BLOCKS = YES;
				GCC_OPTIMIZATION_LEVEL = 0;
				GCC_PREPROCESSOR_DEFINITIONS = (
					"DEBUG=1",
					"$(inherited)",
				);
				GCC_WARN_64_TO_32_BIT_CONVERSION = YES;
				GCC_WARN_ABOUT_RETURN_TYPE = YES_ERROR;
				GCC_WARN_UNDECLARED_SELECTOR = YES;
				GCC_WARN_UNINITIALIZED_AUTOS = YES_AGGRESSIVE;
				GCC_WARN_UNUSED_FUNCTION = YES;
				GCC_WARN_UNUSED_VARIABLE = YES;
				IPHONEOS_DEPLOYMENT_TARGET = 14.5;
				MTL_ENABLE_DEBUG_INFO = INCLUDE_SOURCE;
				MTL_FAST_MATH = YES;
				ONLY_ACTIVE_ARCH = YES;
				SDKROOT = iphoneos;
				SWIFT_ACTIVE_COMPILATION_CONDITIONS = DEBUG;
				SWIFT_OPTIMIZATION_LEVEL = "-Onone";
			};
			name = Debug;
		};
		18B9AEB9263BEB67008719CC /* Release */ = {
			isa = XCBuildConfiguration;
			buildSettings = {
				ALWAYS_SEARCH_USER_PATHS = NO;
				CLANG_ANALYZER_NONNULL = YES;
				CLANG_ANALYZER_NUMBER_OBJECT_CONVERSION = YES_AGGRESSIVE;
				CLANG_CXX_LANGUAGE_STANDARD = "gnu++14";
				CLANG_CXX_LIBRARY = "libc++";
				CLANG_ENABLE_MODULES = YES;
				CLANG_ENABLE_OBJC_ARC = YES;
				CLANG_ENABLE_OBJC_WEAK = YES;
				CLANG_WARN_BLOCK_CAPTURE_AUTORELEASING = YES;
				CLANG_WARN_BOOL_CONVERSION = YES;
				CLANG_WARN_COMMA = YES;
				CLANG_WARN_CONSTANT_CONVERSION = YES;
				CLANG_WARN_DEPRECATED_OBJC_IMPLEMENTATIONS = YES;
				CLANG_WARN_DIRECT_OBJC_ISA_USAGE = YES_ERROR;
				CLANG_WARN_DOCUMENTATION_COMMENTS = YES;
				CLANG_WARN_EMPTY_BODY = YES;
				CLANG_WARN_ENUM_CONVERSION = YES;
				CLANG_WARN_INFINITE_RECURSION = YES;
				CLANG_WARN_INT_CONVERSION = YES;
				CLANG_WARN_NON_LITERAL_NULL_CONVERSION = YES;
				CLANG_WARN_OBJC_IMPLICIT_RETAIN_SELF = YES;
				CLANG_WARN_OBJC_LITERAL_CONVERSION = YES;
				CLANG_WARN_OBJC_ROOT_CLASS = YES_ERROR;
				CLANG_WARN_QUOTED_INCLUDE_IN_FRAMEWORK_HEADER = YES;
				CLANG_WARN_RANGE_LOOP_ANALYSIS = YES;
				CLANG_WARN_STRICT_PROTOTYPES = YES;
				CLANG_WARN_SUSPICIOUS_MOVE = YES;
				CLANG_WARN_UNGUARDED_AVAILABILITY = YES_AGGRESSIVE;
				CLANG_WARN_UNREACHABLE_CODE = YES;
				CLANG_WARN__DUPLICATE_METHOD_MATCH = YES;
				COPY_PHASE_STRIP = NO;
				DEBUG_INFORMATION_FORMAT = "dwarf-with-dsym";
				ENABLE_NS_ASSERTIONS = NO;
				ENABLE_STRICT_OBJC_MSGSEND = YES;
				GCC_C_LANGUAGE_STANDARD = gnu11;
				GCC_NO_COMMON_BLOCKS = YES;
				GCC_WARN_64_TO_32_BIT_CONVERSION = YES;
				GCC_WARN_ABOUT_RETURN_TYPE = YES_ERROR;
				GCC_WARN_UNDECLARED_SELECTOR = YES;
				GCC_WARN_UNINITIALIZED_AUTOS = YES_AGGRESSIVE;
				GCC_WARN_UNUSED_FUNCTION = YES;
				GCC_WARN_UNUSED_VARIABLE = YES;
				IPHONEOS_DEPLOYMENT_TARGET = 14.5;
				MTL_ENABLE_DEBUG_INFO = NO;
				MTL_FAST_MATH = YES;
				SDKROOT = iphoneos;
				SWIFT_COMPILATION_MODE = wholemodule;
				SWIFT_OPTIMIZATION_LEVEL = "-O";
				VALIDATE_PRODUCT = YES;
			};
			name = Release;
		};
		18B9AEBB263BEB67008719CC /* Debug */ = {
			isa = XCBuildConfiguration;
			baseConfigurationReference = 1AAC10A04B767A46A4B357B5 /* Pods-TestNetworking.debug.xcconfig */;
			buildSettings = {
				ASSETCATALOG_COMPILER_APPICON_NAME = AppIcon;
				ASSETCATALOG_COMPILER_GLOBAL_ACCENT_COLOR_NAME = AccentColor;
				CODE_SIGN_STYLE = Automatic;
				DEVELOPMENT_TEAM = FC33F5QU8X;
				INFOPLIST_FILE = TestNetworking/Support/Info.plist;
				LD_RUNPATH_SEARCH_PATHS = (
					"$(inherited)",
					"@executable_path/Frameworks",
				);
				PRODUCT_BUNDLE_IDENTIFIER = TestovStanislav.TestNetworking;
				PRODUCT_NAME = "$(TARGET_NAME)";
				SWIFT_VERSION = 5.0;
				TARGETED_DEVICE_FAMILY = 1;
			};
			name = Debug;
		};
		18B9AEBC263BEB67008719CC /* Release */ = {
			isa = XCBuildConfiguration;
			baseConfigurationReference = 02CDA6B6428EEA6C349EFB84 /* Pods-TestNetworking.release.xcconfig */;
			buildSettings = {
				ASSETCATALOG_COMPILER_APPICON_NAME = AppIcon;
				ASSETCATALOG_COMPILER_GLOBAL_ACCENT_COLOR_NAME = AccentColor;
				CODE_SIGN_STYLE = Automatic;
				DEVELOPMENT_TEAM = FC33F5QU8X;
				INFOPLIST_FILE = TestNetworking/Support/Info.plist;
				LD_RUNPATH_SEARCH_PATHS = (
					"$(inherited)",
					"@executable_path/Frameworks",
				);
				PRODUCT_BUNDLE_IDENTIFIER = TestovStanislav.TestNetworking;
				PRODUCT_NAME = "$(TARGET_NAME)";
				SWIFT_VERSION = 5.0;
				TARGETED_DEVICE_FAMILY = 1;
			};
			name = Release;
		};
/* End XCBuildConfiguration section */

/* Begin XCConfigurationList section */
		18B9AEA1263BEB67008719CC /* Build configuration list for PBXProject "TestNetworking" */ = {
			isa = XCConfigurationList;
			buildConfigurations = (
				18B9AEB8263BEB67008719CC /* Debug */,
				18B9AEB9263BEB67008719CC /* Release */,
			);
			defaultConfigurationIsVisible = 0;
			defaultConfigurationName = Release;
		};
		18B9AEBA263BEB67008719CC /* Build configuration list for PBXNativeTarget "TestNetworking" */ = {
			isa = XCConfigurationList;
			buildConfigurations = (
				18B9AEBB263BEB67008719CC /* Debug */,
				18B9AEBC263BEB67008719CC /* Release */,
			);
			defaultConfigurationIsVisible = 0;
			defaultConfigurationName = Release;
		};
/* End XCConfigurationList section */
	};
	rootObject = 18B9AE9E263BEB67008719CC /* Project object */;
}
