// !$*UTF8*$!
{
	archiveVersion = 1;
	classes = {
	};
	objectVersion = 50;
	objects = {

/* Begin PBXBuildFile section */
		18B9AEAA263BEB67008719CC /* AppDelegate.swift in Sources */ = {isa = PBXBuildFile; fileRef = 18B9AEA9263BEB67008719CC /* AppDelegate.swift */; };
		18B9AEAC263BEB67008719CC /* SceneDelegate.swift in Sources */ = {isa = PBXBuildFile; fileRef = 18B9AEAB263BEB67008719CC /* SceneDelegate.swift */; };
		18B9AEB1263BEB67008719CC /* Main.storyboard in Resources */ = {isa = PBXBuildFile; fileRef = 18B9AEAF263BEB67008719CC /* Main.storyboard */; };
		18B9AEB3263BEB67008719CC /* Assets.xcassets in Resources */ = {isa = PBXBuildFile; fileRef = 18B9AEB2263BEB67008719CC /* Assets.xcassets */; };
		18B9AEB6263BEB67008719CC /* LaunchScreen.storyboard in Resources */ = {isa = PBXBuildFile; fileRef = 18B9AEB4263BEB67008719CC /* LaunchScreen.storyboard */; };
		18B9AEC5263BF6A9008719CC /* MenuViewCell.swift in Sources */ = {isa = PBXBuildFile; fileRef = 18B9AEC4263BF6A9008719CC /* MenuViewCell.swift */; };
		18B9AEC7263BFCF3008719CC /* MenuCollectionViewController.swift in Sources */ = {isa = PBXBuildFile; fileRef = 18B9AEC6263BFCF3008719CC /* MenuCollectionViewController.swift */; };
		18B9AEC9263BFE58008719CC /* Menu.swift in Sources */ = {isa = PBXBuildFile; fileRef = 18B9AEC8263BFE58008719CC /* Menu.swift */; };
		18B9AECB263C1459008719CC /* BookViewController.swift in Sources */ = {isa = PBXBuildFile; fileRef = 18B9AECA263C1459008719CC /* BookViewController.swift */; };
/* End PBXBuildFile section */

/* Begin PBXFileReference section */
		18B9AEA6263BEB67008719CC /* TestNetworking.app */ = {isa = PBXFileReference; explicitFileType = wrapper.application; includeInIndex = 0; path = TestNetworking.app; sourceTree = BUILT_PRODUCTS_DIR; };
		18B9AEA9263BEB67008719CC /* AppDelegate.swift */ = {isa = PBXFileReference; lastKnownFileType = sourcecode.swift; path = AppDelegate.swift; sourceTree = "<group>"; };
		18B9AEAB263BEB67008719CC /* SceneDelegate.swift */ = {isa = PBXFileReference; lastKnownFileType = sourcecode.swift; path = SceneDelegate.swift; sourceTree = "<group>"; };
		18B9AEB0263BEB67008719CC /* Base */ = {isa = PBXFileReference; lastKnownFileType = file.storyboard; name = Base; path = Base.lproj/Main.storyboard; sourceTree = "<group>"; };
		18B9AEB2263BEB67008719CC /* Assets.xcassets */ = {isa = PBXFileReference; lastKnownFileType = folder.assetcatalog; path = Assets.xcassets; sourceTree = "<group>"; };
		18B9AEB5263BEB67008719CC /* Base */ = {isa = PBXFileReference; lastKnownFileType = file.storyboard; name = Base; path = Base.lproj/LaunchScreen.storyboard; sourceTree = "<group>"; };
		18B9AEB7263BEB67008719CC /* Info.plist */ = {isa = PBXFileReference; lastKnownFileType = text.plist.xml; path = Info.plist; sourceTree = "<group>"; };
		18B9AEC4263BF6A9008719CC /* MenuViewCell.swift */ = {isa = PBXFileReference; lastKnownFileType = sourcecode.swift; path = MenuViewCell.swift; sourceTree = "<group>"; };
		18B9AEC6263BFCF3008719CC /* MenuCollectionViewController.swift */ = {isa = PBXFileReference; lastKnownFileType = sourcecode.swift; path = MenuCollectionViewController.swift; sourceTree = "<group>"; };
		18B9AEC8263BFE58008719CC /* Menu.swift */ = {isa = PBXFileReference; lastKnownFileType = sourcecode.swift; path = Menu.swift; sourceTree = "<group>"; };
		18B9AECA263C1459008719CC /* BookViewController.swift */ = {isa = PBXFileReference; lastKnownFileType = sourcecode.swift; name = BookViewController.swift; path = TestNetworking/Storyboards/BookViewController.swift; sourceTree = SOURCE_ROOT; };
/* End PBXFileReference section */

/* Begin PBXFrameworksBuildPhase section */
		18B9AEA3263BEB67008719CC /* Frameworks */ = {
			isa = PBXFrameworksBuildPhase;
			buildActionMask = 2147483647;
			files = (
			);
			runOnlyForDeploymentPostprocessing = 0;
		};
/* End PBXFrameworksBuildPhase section */

/* Begin PBXGroup section */
		18B9AE9D263BEB67008719CC = {
			isa = PBXGroup;
			children = (
				18B9AEA8263BEB67008719CC /* TestNetworking */,
			);
			sourceTree = "<group>";
		};
		18B9AEA7263BEB67008719CC /* Products */ = {
			isa = PBXGroup;
			children = (
				18B9AEA6263BEB67008719CC /* TestNetworking.app */,
			);
			name = Products;
			path = ..;
			sourceTree = "<group>";
		};
		18B9AEA8263BEB67008719CC /* TestNetworking */ = {
			isa = PBXGroup;
			children = (
				18B9AEC3263BECF1008719CC /*  Data managers */,
				18B9AEC2263BECE4008719CC /* Models */,
				18B9AEBE263BEBF2008719CC /* Storyboards */,
				18B9AEBD263BEBDE008719CC /* Viewcontrollers */,
				18B9AEC1263BEC1F008719CC /* Support */,
				18B9AEC0263BEC0D008719CC /* Resources */,
				18B9AEA7263BEB67008719CC /* Products */,
			);
			path = TestNetworking;
			sourceTree = "<group>";
		};
		18B9AEBD263BEBDE008719CC /* Viewcontrollers */ = {
			isa = PBXGroup;
			children = (
				18B9AECA263C1459008719CC /* BookViewController.swift */,
				18B9AEC6263BFCF3008719CC /* MenuCollectionViewController.swift */,
				18B9AEC4263BF6A9008719CC /* MenuViewCell.swift */,
			);
			path = Viewcontrollers;
			sourceTree = "<group>";
		};
		18B9AEBE263BEBF2008719CC /* Storyboards */ = {
			isa = PBXGroup;
			children = (
				18B9AEAF263BEB67008719CC /* Main.storyboard */,
				18B9AEB4263BEB67008719CC /* LaunchScreen.storyboard */,
			);
			path = Storyboards;
			sourceTree = "<group>";
		};
		18B9AEC0263BEC0D008719CC /* Resources */ = {
			isa = PBXGroup;
			children = (
				18B9AEB2263BEB67008719CC /* Assets.xcassets */,
			);
			path = Resources;
			sourceTree = "<group>";
		};
		18B9AEC1263BEC1F008719CC /* Support */ = {
			isa = PBXGroup;
			children = (
				18B9AEA9263BEB67008719CC /* AppDelegate.swift */,
				18B9AEAB263BEB67008719CC /* SceneDelegate.swift */,
				18B9AEB7263BEB67008719CC /* Info.plist */,
			);
			path = Support;
			sourceTree = "<group>";
		};
		18B9AEC2263BECE4008719CC /* Models */ = {
			isa = PBXGroup;
			children = (
				18B9AEC8263BFE58008719CC /* Menu.swift */,
			);
			path = Models;
			sourceTree = "<group>";
		};
		18B9AEC3263BECF1008719CC /*  Data managers */ = {
			isa = PBXGroup;
			children = (
			);
			path = " Data managers";
			sourceTree = "<group>";
		};
/* End PBXGroup section */

/* Begin PBXNativeTarget section */
		18B9AEA5263BEB67008719CC /* TestNetworking */ = {
			isa = PBXNativeTarget;
			buildConfigurationList = 18B9AEBA263BEB67008719CC /* Build configuration list for PBXNativeTarget "TestNetworking" */;
			buildPhases = (
				18B9AEA2263BEB67008719CC /* Sources */,
				18B9AEA3263BEB67008719CC /* Frameworks */,
				18B9AEA4263BEB67008719CC /* Resources */,
			);
			buildRules = (
			);
			dependencies = (
			);
			name = TestNetworking;
			productName = TestNetworking;
			productReference = 18B9AEA6263BEB67008719CC /* TestNetworking.app */;
			productType = "com.apple.product-type.application";
		};
/* End PBXNativeTarget section */

/* Begin PBXProject section */
		18B9AE9E263BEB67008719CC /* Project object */ = {
			isa = PBXProject;
			attributes = {
				LastSwiftUpdateCheck = 1250;
				LastUpgradeCheck = 1250;
				TargetAttributes = {
					18B9AEA5263BEB67008719CC = {
						CreatedOnToolsVersion = 12.5;
					};
				};
			};
			buildConfigurationList = 18B9AEA1263BEB67008719CC /* Build configuration list for PBXProject "TestNetworking" */;
			compatibilityVersion = "Xcode 9.3";
			developmentRegion = en;
			hasScannedForEncodings = 0;
			knownRegions = (
				en,
				Base,
			);
			mainGroup = 18B9AE9D263BEB67008719CC;
			productRefGroup = 18B9AEA7263BEB67008719CC /* Products */;
			projectDirPath = "";
			projectRoot = "";
			targets = (
				18B9AEA5263BEB67008719CC /* TestNetworking */,
			);
		};
/* End PBXProject section */

/* Begin PBXResourcesBuildPhase section */
		18B9AEA4263BEB67008719CC /* Resources */ = {
			isa = PBXResourcesBuildPhase;
			buildActionMask = 2147483647;
			files = (
				18B9AEB6263BEB67008719CC /* LaunchScreen.storyboard in Resources */,
				18B9AEB3263BEB67008719CC /* Assets.xcassets in Resources */,
				18B9AEB1263BEB67008719CC /* Main.storyboard in Resources */,
			);
			runOnlyForDeploymentPostprocessing = 0;
		};
/* End PBXResourcesBuildPhase section */

/* Begin PBXSourcesBuildPhase section */
		18B9AEA2263BEB67008719CC /* Sources */ = {
			isa = PBXSourcesBuildPhase;
			buildActionMask = 2147483647;
			files = (
				18B9AEC9263BFE58008719CC /* Menu.swift in Sources */,
				18B9AEC5263BF6A9008719CC /* MenuViewCell.swift in Sources */,
				18B9AEAA263BEB67008719CC /* AppDelegate.swift in Sources */,
				18B9AECB263C1459008719CC /* BookViewController.swift in Sources */,
				18B9AEAC263BEB67008719CC /* SceneDelegate.swift in Sources */,
				18B9AEC7263BFCF3008719CC /* MenuCollectionViewController.swift in Sources */,
			);
			runOnlyForDeploymentPostprocessing = 0;
		};
/* End PBXSourcesBuildPhase section */

/* Begin PBXVariantGroup section */
		18B9AEAF263BEB67008719CC /* Main.storyboard */ = {
			isa = PBXVariantGroup;
			children = (
				18B9AEB0263BEB67008719CC /* Base */,
			);
			name = Main.storyboard;
			sourceTree = "<group>";
		};
		18B9AEB4263BEB67008719CC /* LaunchScreen.storyboard */ = {
			isa = PBXVariantGroup;
			children = (
				18B9AEB5263BEB67008719CC /* Base */,
			);
			name = LaunchScreen.storyboard;
			sourceTree = "<group>";
		};
/* End PBXVariantGroup section */

/* Begin XCBuildConfiguration section */
		18B9AEB8263BEB67008719CC /* Debug */ = {
			isa = XCBuildConfiguration;
			buildSettings = {
				ALWAYS_SEARCH_USER_PATHS = NO;
				CLANG_ANALYZER_NONNULL = YES;
				CLANG_ANALYZER_NUMBER_OBJECT_CONVERSION = YES_AGGRESSIVE;
				CLANG_CXX_LANGUAGE_STANDARD = "gnu++14";
				CLANG_CXX_LIBRARY = "libc++";
				CLANG_ENABLE_MODULES = YES;
				CLANG_ENABLE_OBJC_ARC = YES;
				CLANG_ENABLE_OBJC_WEAK = YES;
				CLANG_WARN_BLOCK_CAPTURE_AUTORELEASING = YES;
				CLANG_WARN_BOOL_CONVERSION = YES;
				CLANG_WARN_COMMA = YES;
				CLANG_WARN_CONSTANT_CONVERSION = YES;
				CLANG_WARN_DEPRECATED_OBJC_IMPLEMENTATIONS = YES;
				CLANG_WARN_DIRECT_OBJC_ISA_USAGE = YES_ERROR;
				CLANG_WARN_DOCUMENTATION_COMMENTS = YES;
				CLANG_WARN_EMPTY_BODY = YES;
				CLANG_WARN_ENUM_CONVERSION = YES;
				CLANG_WARN_INFINITE_RECURSION = YES;
				CLANG_WARN_INT_CONVERSION = YES;
				CLANG_WARN_NON_LITERAL_NULL_CONVERSION = YES;
				CLANG_WARN_OBJC_IMPLICIT_RETAIN_SELF = YES;
				CLANG_WARN_OBJC_LITERAL_CONVERSION = YES;
				CLANG_WARN_OBJC_ROOT_CLASS = YES_ERROR;
				CLANG_WARN_QUOTED_INCLUDE_IN_FRAMEWORK_HEADER = YES;
				CLANG_WARN_RANGE_LOOP_ANALYSIS = YES;
				CLANG_WARN_STRICT_PROTOTYPES = YES;
				CLANG_WARN_SUSPICIOUS_MOVE = YES;
				CLANG_WARN_UNGUARDED_AVAILABILITY = YES_AGGRESSIVE;
				CLANG_WARN_UNREACHABLE_CODE = YES;
				CLANG_WARN__DUPLICATE_METHOD_MATCH = YES;
				COPY_PHASE_STRIP = NO;
				DEBUG_INFORMATION_FORMAT = dwarf;
				ENABLE_STRICT_OBJC_MSGSEND = YES;
				ENABLE_TESTABILITY = YES;
				GCC_C_LANGUAGE_STANDARD = gnu11;
				GCC_DYNAMIC_NO_PIC = NO;
				GCC_NO_COMMON_BLOCKS = YES;
				GCC_OPTIMIZATION_LEVEL = 0;
				GCC_PREPROCESSOR_DEFINITIONS = (
					"DEBUG=1",
					"$(inherited)",
				);
				GCC_WARN_64_TO_32_BIT_CONVERSION = YES;
				GCC_WARN_ABOUT_RETURN_TYPE = YES_ERROR;
				GCC_WARN_UNDECLARED_SELECTOR = YES;
				GCC_WARN_UNINITIALIZED_AUTOS = YES_AGGRESSIVE;
				GCC_WARN_UNUSED_FUNCTION = YES;
				GCC_WARN_UNUSED_VARIABLE = YES;
				IPHONEOS_DEPLOYMENT_TARGET = 14.5;
				MTL_ENABLE_DEBUG_INFO = INCLUDE_SOURCE;
				MTL_FAST_MATH = YES;
				ONLY_ACTIVE_ARCH = YES;
				SDKROOT = iphoneos;
				SWIFT_ACTIVE_COMPILATION_CONDITIONS = DEBUG;
				SWIFT_OPTIMIZATION_LEVEL = "-Onone";
			};
			name = Debug;
		};
		18B9AEB9263BEB67008719CC /* Release */ = {
			isa = XCBuildConfiguration;
			buildSettings = {
				ALWAYS_SEARCH_USER_PATHS = NO;
				CLANG_ANALYZER_NONNULL = YES;
				CLANG_ANALYZER_NUMBER_OBJECT_CONVERSION = YES_AGGRESSIVE;
				CLANG_CXX_LANGUAGE_STANDARD = "gnu++14";
				CLANG_CXX_LIBRARY = "libc++";
				CLANG_ENABLE_MODULES = YES;
				CLANG_ENABLE_OBJC_ARC = YES;
				CLANG_ENABLE_OBJC_WEAK = YES;
				CLANG_WARN_BLOCK_CAPTURE_AUTORELEASING = YES;
				CLANG_WARN_BOOL_CONVERSION = YES;
				CLANG_WARN_COMMA = YES;
				CLANG_WARN_CONSTANT_CONVERSION = YES;
				CLANG_WARN_DEPRECATED_OBJC_IMPLEMENTATIONS = YES;
				CLANG_WARN_DIRECT_OBJC_ISA_USAGE = YES_ERROR;
				CLANG_WARN_DOCUMENTATION_COMMENTS = YES;
				CLANG_WARN_EMPTY_BODY = YES;
				CLANG_WARN_ENUM_CONVERSION = YES;
				CLANG_WARN_INFINITE_RECURSION = YES;
				CLANG_WARN_INT_CONVERSION = YES;
				CLANG_WARN_NON_LITERAL_NULL_CONVERSION = YES;
				CLANG_WARN_OBJC_IMPLICIT_RETAIN_SELF = YES;
				CLANG_WARN_OBJC_LITERAL_CONVERSION = YES;
				CLANG_WARN_OBJC_ROOT_CLASS = YES_ERROR;
				CLANG_WARN_QUOTED_INCLUDE_IN_FRAMEWORK_HEADER = YES;
				CLANG_WARN_RANGE_LOOP_ANALYSIS = YES;
				CLANG_WARN_STRICT_PROTOTYPES = YES;
				CLANG_WARN_SUSPICIOUS_MOVE = YES;
				CLANG_WARN_UNGUARDED_AVAILABILITY = YES_AGGRESSIVE;
				CLANG_WARN_UNREACHABLE_CODE = YES;
				CLANG_WARN__DUPLICATE_METHOD_MATCH = YES;
				COPY_PHASE_STRIP = NO;
				DEBUG_INFORMATION_FORMAT = "dwarf-with-dsym";
				ENABLE_NS_ASSERTIONS = NO;
				ENABLE_STRICT_OBJC_MSGSEND = YES;
				GCC_C_LANGUAGE_STANDARD = gnu11;
				GCC_NO_COMMON_BLOCKS = YES;
				GCC_WARN_64_TO_32_BIT_CONVERSION = YES;
				GCC_WARN_ABOUT_RETURN_TYPE = YES_ERROR;
				GCC_WARN_UNDECLARED_SELECTOR = YES;
				GCC_WARN_UNINITIALIZED_AUTOS = YES_AGGRESSIVE;
				GCC_WARN_UNUSED_FUNCTION = YES;
				GCC_WARN_UNUSED_VARIABLE = YES;
				IPHONEOS_DEPLOYMENT_TARGET = 14.5;
				MTL_ENABLE_DEBUG_INFO = NO;
				MTL_FAST_MATH = YES;
				SDKROOT = iphoneos;
				SWIFT_COMPILATION_MODE = wholemodule;
				SWIFT_OPTIMIZATION_LEVEL = "-O";
				VALIDATE_PRODUCT = YES;
			};
			name = Release;
		};
		18B9AEBB263BEB67008719CC /* Debug */ = {
			isa = XCBuildConfiguration;
			buildSettings = {
				ASSETCATALOG_COMPILER_APPICON_NAME = AppIcon;
				ASSETCATALOG_COMPILER_GLOBAL_ACCENT_COLOR_NAME = AccentColor;
				CODE_SIGN_STYLE = Automatic;
				DEVELOPMENT_TEAM = FC33F5QU8X;
				INFOPLIST_FILE = TestNetworking/Support/Info.plist;
				LD_RUNPATH_SEARCH_PATHS = (
					"$(inherited)",
					"@executable_path/Frameworks",
				);
				PRODUCT_BUNDLE_IDENTIFIER = TestovStanislav.TestNetworking;
				PRODUCT_NAME = "$(TARGET_NAME)";
				SWIFT_VERSION = 5.0;
				TARGETED_DEVICE_FAMILY = 1;
			};
			name = Debug;
		};
		18B9AEBC263BEB67008719CC /* Release */ = {
			isa = XCBuildConfiguration;
			buildSettings = {
				ASSETCATALOG_COMPILER_APPICON_NAME = AppIcon;
				ASSETCATALOG_COMPILER_GLOBAL_ACCENT_COLOR_NAME = AccentColor;
				CODE_SIGN_STYLE = Automatic;
				DEVELOPMENT_TEAM = FC33F5QU8X;
				INFOPLIST_FILE = TestNetworking/Support/Info.plist;
				LD_RUNPATH_SEARCH_PATHS = (
					"$(inherited)",
					"@executable_path/Frameworks",
				);
				PRODUCT_BUNDLE_IDENTIFIER = TestovStanislav.TestNetworking;
				PRODUCT_NAME = "$(TARGET_NAME)";
				SWIFT_VERSION = 5.0;
				TARGETED_DEVICE_FAMILY = 1;
			};
			name = Release;
		};
/* End XCBuildConfiguration section */

/* Begin XCConfigurationList section */
		18B9AEA1263BEB67008719CC /* Build configuration list for PBXProject "TestNetworking" */ = {
			isa = XCConfigurationList;
			buildConfigurations = (
				18B9AEB8263BEB67008719CC /* Debug */,
				18B9AEB9263BEB67008719CC /* Release */,
			);
			defaultConfigurationIsVisible = 0;
			defaultConfigurationName = Release;
		};
		18B9AEBA263BEB67008719CC /* Build configuration list for PBXNativeTarget "TestNetworking" */ = {
			isa = XCConfigurationList;
			buildConfigurations = (
				18B9AEBB263BEB67008719CC /* Debug */,
				18B9AEBC263BEB67008719CC /* Release */,
			);
			defaultConfigurationIsVisible = 0;
			defaultConfigurationName = Release;
		};
/* End XCConfigurationList section */
	};
	rootObject = 18B9AE9E263BEB67008719CC /* Project object */;
}
